
Microsoft Visual Studio Solution File, Format Version 12.00
# Visual Studio 15
VisualStudioVersion = 15.0.27703.2035
MinimumVisualStudioVersion = 10.0.40219.1
Project("{FAE04EC0-301F-11D3-BF4B-00C04F79EFBC}") = "XappPomodoro.Android", "XappPomodoro\XappPomodoro.Android\XappPomodoro.Android.csproj", "{1F1CA218-1A1C-4920-9923-8D77C45208D0}"
EndProject
Project("{FAE04EC0-301F-11D3-BF4B-00C04F79EFBC}") = "XappPomodoro.UWP", "XappPomodoro\XappPomodoro.UWP\XappPomodoro.UWP.csproj", "{6897C2CB-DC16-4A04-BFDD-ACCC490666FD}"
EndProject
Project("{FAE04EC0-301F-11D3-BF4B-00C04F79EFBC}") = "XappPomodoro", "XappPomodoro\XappPomodoro\XappPomodoro.csproj", "{BE03C07E-5E47-46DC-BD47-4D834AEA72BE}"
EndProject
Global
	GlobalSection(SolutionConfigurationPlatforms) = preSolution
		Debug|Any CPU = Debug|Any CPU
		Debug|ARM = Debug|ARM
		Debug|x64 = Debug|x64
		Debug|x86 = Debug|x86
		Release|Any CPU = Release|Any CPU
		Release|ARM = Release|ARM
		Release|x64 = Release|x64
		Release|x86 = Release|x86
	EndGlobalSection
	GlobalSection(ProjectConfigurationPlatforms) = postSolution
		{1F1CA218-1A1C-4920-9923-8D77C45208D0}.Debug|Any CPU.ActiveCfg = Debug|Any CPU
		{1F1CA218-1A1C-4920-9923-8D77C45208D0}.Debug|Any CPU.Build.0 = Debug|Any CPU
		{1F1CA218-1A1C-4920-9923-8D77C45208D0}.Debug|Any CPU.Deploy.0 = Debug|Any CPU
		{1F1CA218-1A1C-4920-9923-8D77C45208D0}.Debug|ARM.ActiveCfg = Debug|Any CPU
		{1F1CA218-1A1C-4920-9923-8D77C45208D0}.Debug|ARM.Build.0 = Debug|Any CPU
		{1F1CA218-1A1C-4920-9923-8D77C45208D0}.Debug|ARM.Deploy.0 = Debug|Any CPU
		{1F1CA218-1A1C-4920-9923-8D77C45208D0}.Debug|x64.ActiveCfg = Debug|Any CPU
		{1F1CA218-1A1C-4920-9923-8D77C45208D0}.Debug|x64.Build.0 = Debug|Any CPU
		{1F1CA218-1A1C-4920-9923-8D77C45208D0}.Debug|x64.Deploy.0 = Debug|Any CPU
		{1F1CA218-1A1C-4920-9923-8D77C45208D0}.Debug|x86.ActiveCfg = Debug|Any CPU
		{1F1CA218-1A1C-4920-9923-8D77C45208D0}.Debug|x86.Build.0 = Debug|Any CPU
		{1F1CA218-1A1C-4920-9923-8D77C45208D0}.Debug|x86.Deploy.0 = Debug|Any CPU
		{1F1CA218-1A1C-4920-9923-8D77C45208D0}.Release|Any CPU.ActiveCfg = Release|Any CPU
		{1F1CA218-1A1C-4920-9923-8D77C45208D0}.Release|Any CPU.Build.0 = Release|Any CPU
		{1F1CA218-1A1C-4920-9923-8D77C45208D0}.Release|Any CPU.Deploy.0 = Release|Any CPU
		{1F1CA218-1A1C-4920-9923-8D77C45208D0}.Release|ARM.ActiveCfg = Release|Any CPU
		{1F1CA218-1A1C-4920-9923-8D77C45208D0}.Release|ARM.Build.0 = Release|Any CPU
		{1F1CA218-1A1C-4920-9923-8D77C45208D0}.Release|ARM.Deploy.0 = Release|Any CPU
		{1F1CA218-1A1C-4920-9923-8D77C45208D0}.Release|x64.ActiveCfg = Release|Any CPU
		{1F1CA218-1A1C-4920-9923-8D77C45208D0}.Release|x64.Build.0 = Release|Any CPU
		{1F1CA218-1A1C-4920-9923-8D77C45208D0}.Release|x64.Deploy.0 = Release|Any CPU
		{1F1CA218-1A1C-4920-9923-8D77C45208D0}.Release|x86.ActiveCfg = Release|Any CPU
		{1F1CA218-1A1C-4920-9923-8D77C45208D0}.Release|x86.Build.0 = Release|Any CPU
		{1F1CA218-1A1C-4920-9923-8D77C45208D0}.Release|x86.Deploy.0 = Release|Any CPU
		{6897C2CB-DC16-4A04-BFDD-ACCC490666FD}.Debug|Any CPU.ActiveCfg = Debug|x86
		{6897C2CB-DC16-4A04-BFDD-ACCC490666FD}.Debug|Any CPU.Build.0 = Debug|x86
		{6897C2CB-DC16-4A04-BFDD-ACCC490666FD}.Debug|Any CPU.Deploy.0 = Debug|x86
		{6897C2CB-DC16-4A04-BFDD-ACCC490666FD}.Debug|ARM.ActiveCfg = Debug|ARM
		{6897C2CB-DC16-4A04-BFDD-ACCC490666FD}.Debug|ARM.Build.0 = Debug|ARM
		{6897C2CB-DC16-4A04-BFDD-ACCC490666FD}.Debug|ARM.Deploy.0 = Debug|ARM
		{6897C2CB-DC16-4A04-BFDD-ACCC490666FD}.Debug|x64.ActiveCfg = Debug|x64
		{6897C2CB-DC16-4A04-BFDD-ACCC490666FD}.Debug|x64.Build.0 = Debug|x64
		{6897C2CB-DC16-4A04-BFDD-ACCC490666FD}.Debug|x64.Deploy.0 = Debug|x64
		{6897C2CB-DC16-4A04-BFDD-ACCC490666FD}.Debug|x86.ActiveCfg = Debug|x86
		{6897C2CB-DC16-4A04-BFDD-ACCC490666FD}.Debug|x86.Build.0 = Debug|x86
		{6897C2CB-DC16-4A04-BFDD-ACCC490666FD}.Debug|x86.Deploy.0 = Debug|x86
		{6897C2CB-DC16-4A04-BFDD-ACCC490666FD}.Release|Any CPU.ActiveCfg = Release|x86
		{6897C2CB-DC16-4A04-BFDD-ACCC490666FD}.Release|Any CPU.Build.0 = Release|x86
		{6897C2CB-DC16-4A04-BFDD-ACCC490666FD}.Release|Any CPU.Deploy.0 = Release|x86
		{6897C2CB-DC16-4A04-BFDD-ACCC490666FD}.Release|ARM.ActiveCfg = Release|ARM
		{6897C2CB-DC16-4A04-BFDD-ACCC490666FD}.Release|ARM.Build.0 = Release|ARM
		{6897C2CB-DC16-4A04-BFDD-ACCC490666FD}.Release|ARM.Deploy.0 = Release|ARM
		{6897C2CB-DC16-4A04-BFDD-ACCC490666FD}.Release|x64.ActiveCfg = Release|x64
		{6897C2CB-DC16-4A04-BFDD-ACCC490666FD}.Release|x64.Build.0 = Release|x64
		{6897C2CB-DC16-4A04-BFDD-ACCC490666FD}.Release|x64.Deploy.0 = Release|x64
		{6897C2CB-DC16-4A04-BFDD-ACCC490666FD}.Release|x86.ActiveCfg = Release|x86
		{6897C2CB-DC16-4A04-BFDD-ACCC490666FD}.Release|x86.Build.0 = Release|x86
		{6897C2CB-DC16-4A04-BFDD-ACCC490666FD}.Release|x86.Deploy.0 = Release|x86
		{BE03C07E-5E47-46DC-BD47-4D834AEA72BE}.Debug|Any CPU.ActiveCfg = Debug|Any CPU
		{BE03C07E-5E47-46DC-BD47-4D834AEA72BE}.Debug|Any CPU.Build.0 = Debug|Any CPU
		{BE03C07E-5E47-46DC-BD47-4D834AEA72BE}.Debug|Any CPU.Deploy.0 = Debug|Any CPU
		{BE03C07E-5E47-46DC-BD47-4D834AEA72BE}.Debug|ARM.ActiveCfg = Debug|Any CPU
		{BE03C07E-5E47-46DC-BD47-4D834AEA72BE}.Debug|ARM.Build.0 = Debug|Any CPU
		{BE03C07E-5E47-46DC-BD47-4D834AEA72BE}.Debug|ARM.Deploy.0 = Debug|Any CPU
		{BE03C07E-5E47-46DC-BD47-4D834AEA72BE}.Debug|x64.ActiveCfg = Debug|Any CPU
		{BE03C07E-5E47-46DC-BD47-4D834AEA72BE}.Debug|x64.Build.0 = Debug|Any CPU
		{BE03C07E-5E47-46DC-BD47-4D834AEA72BE}.Debug|x64.Deploy.0 = Debug|Any CPU
		{BE03C07E-5E47-46DC-BD47-4D834AEA72BE}.Debug|x86.ActiveCfg = Debug|Any CPU
		{BE03C07E-5E47-46DC-BD47-4D834AEA72BE}.Debug|x86.Build.0 = Debug|Any CPU
		{BE03C07E-5E47-46DC-BD47-4D834AEA72BE}.Debug|x86.Deploy.0 = Debug|Any CPU
		{BE03C07E-5E47-46DC-BD47-4D834AEA72BE}.Release|Any CPU.ActiveCfg = Release|Any CPU
		{BE03C07E-5E47-46DC-BD47-4D834AEA72BE}.Release|Any CPU.Build.0 = Release|Any CPU
		{BE03C07E-5E47-46DC-BD47-4D834AEA72BE}.Release|Any CPU.Deploy.0 = Release|Any CPU
		{BE03C07E-5E47-46DC-BD47-4D834AEA72BE}.Release|ARM.ActiveCfg = Release|Any CPU
		{BE03C07E-5E47-46DC-BD47-4D834AEA72BE}.Release|ARM.Build.0 = Release|Any CPU
		{BE03C07E-5E47-46DC-BD47-4D834AEA72BE}.Release|ARM.Deploy.0 = Release|Any CPU
		{BE03C07E-5E47-46DC-BD47-4D834AEA72BE}.Release|x64.ActiveCfg = Release|Any CPU
		{BE03C07E-5E47-46DC-BD47-4D834AEA72BE}.Release|x64.Build.0 = Release|Any CPU
		{BE03C07E-5E47-46DC-BD47-4D834AEA72BE}.Release|x64.Deploy.0 = Release|Any CPU
		{BE03C07E-5E47-46DC-BD47-4D834AEA72BE}.Release|x86.ActiveCfg = Release|Any CPU
		{BE03C07E-5E47-46DC-BD47-4D834AEA72BE}.Release|x86.Build.0 = Release|Any CPU
		{BE03C07E-5E47-46DC-BD47-4D834AEA72BE}.Release|x86.Deploy.0 = Release|Any CPU
	EndGlobalSection
	GlobalSection(SolutionProperties) = preSolution
		HideSolutionNode = FALSE
	EndGlobalSection
	GlobalSection(ExtensibilityGlobals) = postSolution
		SolutionGuid = {55A1CB28-D373-4A90-8350-F5E8ED6CFC93}
	EndGlobalSection
EndGlobal
